<?xml version="1.0" encoding="utf-8"?>
<Project ToolsVersion="4.0" xmlns="http://schemas.microsoft.com/developer/msbuild/2003">
  <ItemGroup>
    <Filter Include="Source">
      <UniqueIdentifier>{472c3d76-b955-48c2-a81a-6c6e93a299c7}</UniqueIdentifier>
    </Filter>
    <Filter Include="Source\APPTitude">
      <UniqueIdentifier>{7aeaa859-23b0-4dab-b5e9-317de336b369}</UniqueIdentifier>
    </Filter>
    <Filter Include="Source\APPTitude\Source Files">
      <UniqueIdentifier>{4FC737F1-C7A5-4376-A066-2A32D752A2FF}</UniqueIdentifier>
      <Extensions>cpp;c;cc;cxx;def;odl;idl;hpj;bat;asm;asmx</Extensions>
    </Filter>
    <Filter Include="Source\APPTitude\Header Files">
      <UniqueIdentifier>{93995380-89BD-4b04-88EB-625FBE52EBFB}</UniqueIdentifier>
      <Extensions>h;hh;hpp;hxx;hm;inl;inc;ipp;xsd</Extensions>
    </Filter>
    <Filter Include="Source\Demo App">
      <UniqueIdentifier>{b4bfd9b5-f9a6-444d-a1af-1bfb02fdf544}</UniqueIdentifier>
    </Filter>
  </ItemGroup>
  <ItemGroup>
    <ClInclude Include="APPtitude.h">
      <Filter>Source\APPTitude\Header Files</Filter>
    </ClInclude>
    <ClInclude Include="StandardIncludes.h">
      <Filter>Source\APPTitude\Header Files</Filter>
    </ClInclude>
    <ClInclude Include="AppDefines.h">
      <Filter>Source\APPTitude\Header Files</Filter>
    </ClInclude>
  </ItemGroup>
  <ItemGroup>
    <ClCompile Include="APPtitude.cpp">
      <Filter>Source\APPTitude\Source Files</Filter>
    </ClCompile>
    <ClCompile Include="AppMain.cpp">
      <Filter>Source</Filter>
    </ClCompile>
  </ItemGroup>
</Project>