<?xml version="1.0" encoding="utf-8"?>
<Project ToolsVersion="4.0" xmlns="http://schemas.microsoft.com/developer/msbuild/2003">
  <ItemGroup>
    <Filter Include="Source">
      <UniqueIdentifier>{472c3d76-b955-48c2-a81a-6c6e93a299c7}</UniqueIdentifier>
    </Filter>
    <Filter Include="Source\APPTitude">
      <UniqueIdentifier>{7aeaa859-23b0-4dab-b5e9-317de336b369}</UniqueIdentifier>
    </Filter>
    <Filter Include="Source\Demo App">
      <UniqueIdentifier>{b4bfd9b5-f9a6-444d-a1af-1bfb02fdf544}</UniqueIdentifier>
    </Filter>
    <Filter Include="Source\APPTitude\Win32">
      <UniqueIdentifier>{8c982905-3662-42ee-bf02-9adf213012f2}</UniqueIdentifier>
    </Filter>
    <Filter Include="Resources">
      <UniqueIdentifier>{e045b094-5f81-4846-afd5-6b81c79648f6}</UniqueIdentifier>
    </Filter>
    <Filter Include="Source\APPTitude\Win32\Windows">
      <UniqueIdentifier>{25b7d600-a34c-4ee9-807b-3a28a619f079}</UniqueIdentifier>
    </Filter>
    <Filter Include="Source\JParse">
      <UniqueIdentifier>{7cc4e606-7a09-4369-857c-0cea32b162ce}</UniqueIdentifier>
    </Filter>
    <Filter Include="Source\APPTitude\Win32\Menubar">
      <UniqueIdentifier>{39865ec8-b668-4179-a158-ee1f9c9c2459}</UniqueIdentifier>
    </Filter>
  </ItemGroup>
  <ItemGroup>
    <ClInclude Include="Source\Demo App\DemoApp.h">
      <Filter>Source\Demo App</Filter>
    </ClInclude>
    <ClInclude Include="Source\APPTitude\Win32\Win32Helper.h">
      <Filter>Source\APPTitude\Win32</Filter>
    </ClInclude>
    <ClInclude Include="Source\APPTitude\AppDefines.h">
      <Filter>Source\APPTitude</Filter>
    </ClInclude>
    <ClInclude Include="Source\APPTitude\APPtitude.h">
      <Filter>Source\APPTitude</Filter>
    </ClInclude>
    <ClInclude Include="Source\APPTitude\StandardIncludes.h">
      <Filter>Source\APPTitude</Filter>
    </ClInclude>
    <ClInclude Include="Source\APPTitude\Win32\Window.h">
      <Filter>Source\APPTitude\Win32</Filter>
    </ClInclude>
    <ClInclude Include="Source\APPTitude\Win32\ChildWindow.h">
      <Filter>Source\APPTitude\Win32</Filter>
    </ClInclude>
    <ClInclude Include="resource.h">
      <Filter>Resources</Filter>
    </ClInclude>
    <ClInclude Include="Source\APPTitude\Win32\MainWindow.h">
      <Filter>Source\APPTitude\Win32</Filter>
    </ClInclude>
    <ClInclude Include="Source\APPTitude\Win32\Win32Defines.h">
      <Filter>Source\APPTitude\Win32</Filter>
    </ClInclude>
    <ClInclude Include="Source\APPTitude\Win32\Windows\DocumentViewWindow.h">
      <Filter>Source\APPTitude\Win32\Windows</Filter>
    </ClInclude>
    <ClInclude Include="Source\JParse\JParse.h">
      <Filter>Source\JParse</Filter>
    </ClInclude>
    <ClInclude Include="Source\APPTitude\Win32\Windows\JSONDocumentViewWindow.h">
      <Filter>Source\APPTitude\Win32\Windows</Filter>
    </ClInclude>
    <ClInclude Include="Source\APPTitude\StringConvert.h">
      <Filter>Source\APPTitude</Filter>
    </ClInclude>
    <ClInclude Include="Source\APPTitude\Win32\Menubar\Menubar.h">
      <Filter>Source\APPTitude\Win32\Menubar</Filter>
    </ClInclude>
  </ItemGroup>
  <ItemGroup>
    <ClCompile Include="Source\AppMain.cpp">
      <Filter>Source</Filter>
    </ClCompile>
    <ClCompile Include="Source\Demo App\DemoApp.cpp">
      <Filter>Source\Demo App</Filter>
    </ClCompile>
    <ClCompile Include="Source\APPTitude\Win32\Win32Helper.cpp">
      <Filter>Source\APPTitude\Win32</Filter>
    </ClCompile>
    <ClCompile Include="Source\APPTitude\APPtitude.cpp">
      <Filter>Source\APPTitude</Filter>
    </ClCompile>
    <ClCompile Include="Source\APPTitude\Win32\ChildWindow.cpp">
      <Filter>Source\APPTitude\Win32</Filter>
    </ClCompile>
    <ClCompile Include="Source\APPTitude\Win32\MainWindow.cpp">
      <Filter>Source\APPTitude\Win32</Filter>
    </ClCompile>
    <ClCompile Include="Source\JParse\JParse.cpp">
      <Filter>Source\JParse</Filter>
    </ClCompile>
    <ClCompile Include="Source\APPTitude\Win32\Window.cpp">
      <Filter>Source\APPTitude\Win32</Filter>
    </ClCompile>
    <ClCompile Include="Source\APPTitude\Win32\Windows\DocumentViewWindow.cpp">
      <Filter>Source\APPTitude\Win32\Windows</Filter>
    </ClCompile>
    <ClCompile Include="Source\APPTitude\Win32\Windows\JSONDocumentViewWindow.cpp">
      <Filter>Source\APPTitude\Win32\Windows</Filter>
    </ClCompile>
    <ClCompile Include="Source\APPTitude\StringConvert.cpp">
      <Filter>Source\APPTitude</Filter>
    </ClCompile>
    <ClCompile Include="Source\APPTitude\Win32\Menubar\Menubar.cpp" />
  </ItemGroup>
  <ItemGroup>
    <ResourceCompile Include="APPtitude.rc">
      <Filter>Resources</Filter>
    </ResourceCompile>
  </ItemGroup>
  <ItemGroup>
    <Image Include="app.ico">
      <Filter>Resources</Filter>
    </Image>
  </ItemGroup>
</Project>